
Microsoft Visual Studio Solution File, Format Version 12.00
# Visual Studio Version 16
VisualStudioVersion = 16.0.30309.148
MinimumVisualStudioVersion = 10.0.40219.1
Project("{8BC9CEB8-8B4A-11D0-8D11-00A0C91BC942}") = "wincrypt", "wincrypt\wincrypt.vcxproj", "{8BA09CFA-F4C8-4148-8636-586A8FDE887B}"
EndProject
Global
	GlobalSection(SolutionConfigurationPlatforms) = preSolution
		Debug|x64 = Debug|x64
		Debug|x86 = Debug|x86
		Release|x64 = Release|x64
		Release|x86 = Release|x86
	EndGlobalSection
	GlobalSection(ProjectConfigurationPlatforms) = postSolution
		{8BA09CFA-F4C8-4148-8636-586A8FDE887B}.Debug|x64.ActiveCfg = Debug|x64
		{8BA09CFA-F4C8-4148-8636-586A8FDE887B}.Debug|x64.Build.0 = Debug|x64
		{8BA09CFA-F4C8-4148-8636-586A8FDE887B}.Debug|x86.ActiveCfg = Debug|Win32
		{8BA09CFA-F4C8-4148-8636-586A8FDE887B}.Debug|x86.Build.0 = Debug|Win32
		{8BA09CFA-F4C8-4148-8636-586A8FDE887B}.Release|x64.ActiveCfg = Release|x64
		{8BA09CFA-F4C8-4148-8636-586A8FDE887B}.Release|x64.Build.0 = Release|x64
		{8BA09CFA-F4C8-4148-8636-586A8FDE887B}.Release|x86.ActiveCfg = Release|Win32
		{8BA09CFA-F4C8-4148-8636-586A8FDE887B}.Release|x86.Build.0 = Release|Win32
	EndGlobalSection
	GlobalSection(SolutionProperties) = preSolution
		HideSolutionNode = FALSE
	EndGlobalSection
	GlobalSection(ExtensibilityGlobals) = postSolution
		SolutionGuid = {2F800FD6-8C3D-40CC-A894-57F34C492F97}
	EndGlobalSection
EndGlobal
